// !$*UTF8*$!
{
	archiveVersion = 1;
	classes = {
	};
	objectVersion = 46;
	objects = {

/* Begin PBXBuildFile section */
		4A164D5BAAFCF4D3398CE516 /* Pods_whiteboardiosTests.framework in Frameworks */ = {isa = PBXBuildFile; fileRef = 28867CE0ACEAEB510B7E1764 /* Pods_whiteboardiosTests.framework */; };
		956C73512ECFC7E5A791842F /* Pods_whiteboardiosUITests.framework in Frameworks */ = {isa = PBXBuildFile; fileRef = 3242CC86432A966D47416F69 /* Pods_whiteboardiosUITests.framework */; };
		AE1D97601C9239F300B37B4A /* StandupsListViewControllerSpec.swift in Sources */ = {isa = PBXBuildFile; fileRef = AE1D975F1C9239F300B37B4A /* StandupsListViewControllerSpec.swift */; };
		AE1D97621C923CD500B37B4A /* StandupsViewController.swift in Sources */ = {isa = PBXBuildFile; fileRef = AE1D97611C923CD500B37B4A /* StandupsViewController.swift */; };
		AE1D97661C9243BE00B37B4A /* WhiteboardService.swift in Sources */ = {isa = PBXBuildFile; fileRef = AE1D97651C9243BE00B37B4A /* WhiteboardService.swift */; };
		AE1D97681C9243E900B37B4A /* FakeWhiteboardService.swift in Sources */ = {isa = PBXBuildFile; fileRef = AE1D97671C9243E900B37B4A /* FakeWhiteboardService.swift */; };
		AE1D976A1C924E7D00B37B4A /* sample_standups.json in Resources */ = {isa = PBXBuildFile; fileRef = AE1D97691C924E7D00B37B4A /* sample_standups.json */; };
		AE3A48F01C912BE700B22737 /* AppDelegate.swift in Sources */ = {isa = PBXBuildFile; fileRef = AE3A48EF1C912BE700B22737 /* AppDelegate.swift */; };
		AE3A48F71C912BE700B22737 /* Assets.xcassets in Resources */ = {isa = PBXBuildFile; fileRef = AE3A48F61C912BE700B22737 /* Assets.xcassets */; };
		AE3A48FA1C912BE700B22737 /* LaunchScreen.storyboard in Resources */ = {isa = PBXBuildFile; fileRef = AE3A48F81C912BE700B22737 /* LaunchScreen.storyboard */; };
		AE3A49101C912BE700B22737 /* whiteboardiosUITests.swift in Sources */ = {isa = PBXBuildFile; fileRef = AE3A490F1C912BE700B22737 /* whiteboardiosUITests.swift */; };
		AE8D91FC1C92533600CFAEBB /* StandupTableViewCell.swift in Sources */ = {isa = PBXBuildFile; fileRef = AE8D91FA1C92533600CFAEBB /* StandupTableViewCell.swift */; };
		AE8D91FD1C92533600CFAEBB /* StandupTableViewCell.xib in Resources */ = {isa = PBXBuildFile; fileRef = AE8D91FB1C92533600CFAEBB /* StandupTableViewCell.xib */; };
		AED9AC0B1C912D66009E1FE0 /* AppDelegateSpec.swift in Sources */ = {isa = PBXBuildFile; fileRef = AED9AC0A1C912D66009E1FE0 /* AppDelegateSpec.swift */; };
		CB3402836768B0119965B2C0 /* Pods_whiteboardios.framework in Frameworks */ = {isa = PBXBuildFile; fileRef = C4A889F3AC83CE954F95DA6D /* Pods_whiteboardios.framework */; };
/* End PBXBuildFile section */

/* Begin PBXContainerItemProxy section */
		AE3A49011C912BE700B22737 /* PBXContainerItemProxy */ = {
			isa = PBXContainerItemProxy;
			containerPortal = AE3A48E41C912BE700B22737 /* Project object */;
			proxyType = 1;
			remoteGlobalIDString = AE3A48EB1C912BE700B22737;
			remoteInfo = whiteboardios;
		};
		AE3A490C1C912BE700B22737 /* PBXContainerItemProxy */ = {
			isa = PBXContainerItemProxy;
			containerPortal = AE3A48E41C912BE700B22737 /* Project object */;
			proxyType = 1;
			remoteGlobalIDString = AE3A48EB1C912BE700B22737;
			remoteInfo = whiteboardios;
		};
/* End PBXContainerItemProxy section */

/* Begin PBXFileReference section */
		0E3B41F4D7D6C71CC2627906 /* Pods-whiteboardios.release.xcconfig */ = {isa = PBXFileReference; includeInIndex = 1; lastKnownFileType = text.xcconfig; name = "Pods-whiteboardios.release.xcconfig"; path = "Pods/Target Support Files/Pods-whiteboardios/Pods-whiteboardios.release.xcconfig"; sourceTree = "<group>"; };
		1BF53C9B0FD03B9D3E59937B /* Pods-whiteboardios.debug.xcconfig */ = {isa = PBXFileReference; includeInIndex = 1; lastKnownFileType = text.xcconfig; name = "Pods-whiteboardios.debug.xcconfig"; path = "Pods/Target Support Files/Pods-whiteboardios/Pods-whiteboardios.debug.xcconfig"; sourceTree = "<group>"; };
		276A4BF66EDB751B74996BC2 /* Pods.framework */ = {isa = PBXFileReference; explicitFileType = wrapper.framework; includeInIndex = 0; path = Pods.framework; sourceTree = BUILT_PRODUCTS_DIR; };
		28867CE0ACEAEB510B7E1764 /* Pods_whiteboardiosTests.framework */ = {isa = PBXFileReference; explicitFileType = wrapper.framework; includeInIndex = 0; path = Pods_whiteboardiosTests.framework; sourceTree = BUILT_PRODUCTS_DIR; };
		3242CC86432A966D47416F69 /* Pods_whiteboardiosUITests.framework */ = {isa = PBXFileReference; explicitFileType = wrapper.framework; includeInIndex = 0; path = Pods_whiteboardiosUITests.framework; sourceTree = BUILT_PRODUCTS_DIR; };
		41B60CE4C65305C392695B41 /* Pods-whiteboardiosTests.dev.xcconfig */ = {isa = PBXFileReference; includeInIndex = 1; lastKnownFileType = text.xcconfig; name = "Pods-whiteboardiosTests.dev.xcconfig"; path = "Pods/Target Support Files/Pods-whiteboardiosTests/Pods-whiteboardiosTests.dev.xcconfig"; sourceTree = "<group>"; };
		46DFEF04576E90612FF1929B /* Pods-whiteboardiosUITests.dev.xcconfig */ = {isa = PBXFileReference; includeInIndex = 1; lastKnownFileType = text.xcconfig; name = "Pods-whiteboardiosUITests.dev.xcconfig"; path = "Pods/Target Support Files/Pods-whiteboardiosUITests/Pods-whiteboardiosUITests.dev.xcconfig"; sourceTree = "<group>"; };
		4C2C1F3F7B947C66D037557A /* Pods-whiteboardiosTests.release.xcconfig */ = {isa = PBXFileReference; includeInIndex = 1; lastKnownFileType = text.xcconfig; name = "Pods-whiteboardiosTests.release.xcconfig"; path = "Pods/Target Support Files/Pods-whiteboardiosTests/Pods-whiteboardiosTests.release.xcconfig"; sourceTree = "<group>"; };
		657DD30AA52EBF833BDE01ED /* Pods-whiteboardios.dev.xcconfig */ = {isa = PBXFileReference; includeInIndex = 1; lastKnownFileType = text.xcconfig; name = "Pods-whiteboardios.dev.xcconfig"; path = "Pods/Target Support Files/Pods-whiteboardios/Pods-whiteboardios.dev.xcconfig"; sourceTree = "<group>"; };
		7825F00FBD503DE169049B72 /* Pods-whiteboardiosUITests.debug.xcconfig */ = {isa = PBXFileReference; includeInIndex = 1; lastKnownFileType = text.xcconfig; name = "Pods-whiteboardiosUITests.debug.xcconfig"; path = "Pods/Target Support Files/Pods-whiteboardiosUITests/Pods-whiteboardiosUITests.debug.xcconfig"; sourceTree = "<group>"; };
		AE1D975F1C9239F300B37B4A /* StandupsListViewControllerSpec.swift */ = {isa = PBXFileReference; fileEncoding = 4; lastKnownFileType = sourcecode.swift; path = StandupsListViewControllerSpec.swift; sourceTree = "<group>"; };
		AE1D97611C923CD500B37B4A /* StandupsViewController.swift */ = {isa = PBXFileReference; fileEncoding = 4; lastKnownFileType = sourcecode.swift; path = StandupsViewController.swift; sourceTree = "<group>"; };
		AE1D97651C9243BE00B37B4A /* WhiteboardService.swift */ = {isa = PBXFileReference; fileEncoding = 4; lastKnownFileType = sourcecode.swift; path = WhiteboardService.swift; sourceTree = "<group>"; };
		AE1D97671C9243E900B37B4A /* FakeWhiteboardService.swift */ = {isa = PBXFileReference; fileEncoding = 4; lastKnownFileType = sourcecode.swift; path = FakeWhiteboardService.swift; sourceTree = "<group>"; };
		AE1D97691C924E7D00B37B4A /* sample_standups.json */ = {isa = PBXFileReference; fileEncoding = 4; lastKnownFileType = text.json; path = sample_standups.json; sourceTree = "<group>"; };
		AE3A48EC1C912BE700B22737 /* whiteboardios.app */ = {isa = PBXFileReference; explicitFileType = wrapper.application; includeInIndex = 0; path = whiteboardios.app; sourceTree = BUILT_PRODUCTS_DIR; };
		AE3A48EF1C912BE700B22737 /* AppDelegate.swift */ = {isa = PBXFileReference; lastKnownFileType = sourcecode.swift; path = AppDelegate.swift; sourceTree = "<group>"; };
		AE3A48F61C912BE700B22737 /* Assets.xcassets */ = {isa = PBXFileReference; lastKnownFileType = folder.assetcatalog; path = Assets.xcassets; sourceTree = "<group>"; };
		AE3A48F91C912BE700B22737 /* Base */ = {isa = PBXFileReference; lastKnownFileType = file.storyboard; name = Base; path = Base.lproj/LaunchScreen.storyboard; sourceTree = "<group>"; };
		AE3A48FB1C912BE700B22737 /* Info.plist */ = {isa = PBXFileReference; lastKnownFileType = text.plist.xml; path = Info.plist; sourceTree = "<group>"; };
		AE3A49001C912BE700B22737 /* whiteboardiosTests.xctest */ = {isa = PBXFileReference; explicitFileType = wrapper.cfbundle; includeInIndex = 0; path = whiteboardiosTests.xctest; sourceTree = BUILT_PRODUCTS_DIR; };
		AE3A49061C912BE700B22737 /* Info.plist */ = {isa = PBXFileReference; lastKnownFileType = text.plist.xml; path = Info.plist; sourceTree = "<group>"; };
		AE3A490B1C912BE700B22737 /* whiteboardiosUITests.xctest */ = {isa = PBXFileReference; explicitFileType = wrapper.cfbundle; includeInIndex = 0; path = whiteboardiosUITests.xctest; sourceTree = BUILT_PRODUCTS_DIR; };
		AE3A490F1C912BE700B22737 /* whiteboardiosUITests.swift */ = {isa = PBXFileReference; lastKnownFileType = sourcecode.swift; path = whiteboardiosUITests.swift; sourceTree = "<group>"; };
		AE3A49111C912BE700B22737 /* Info.plist */ = {isa = PBXFileReference; lastKnownFileType = text.plist.xml; path = Info.plist; sourceTree = "<group>"; };
		AE8D91FA1C92533600CFAEBB /* StandupTableViewCell.swift */ = {isa = PBXFileReference; fileEncoding = 4; lastKnownFileType = sourcecode.swift; path = StandupTableViewCell.swift; sourceTree = "<group>"; };
		AE8D91FB1C92533600CFAEBB /* StandupTableViewCell.xib */ = {isa = PBXFileReference; fileEncoding = 4; lastKnownFileType = file.xib; path = StandupTableViewCell.xib; sourceTree = "<group>"; };
		AED9AC0A1C912D66009E1FE0 /* AppDelegateSpec.swift */ = {isa = PBXFileReference; fileEncoding = 4; lastKnownFileType = sourcecode.swift; path = AppDelegateSpec.swift; sourceTree = "<group>"; };
		B6F3BA56CCD4BEAFFE6AAE28 /* Pods-whiteboardiosUITests.release.xcconfig */ = {isa = PBXFileReference; includeInIndex = 1; lastKnownFileType = text.xcconfig; name = "Pods-whiteboardiosUITests.release.xcconfig"; path = "Pods/Target Support Files/Pods-whiteboardiosUITests/Pods-whiteboardiosUITests.release.xcconfig"; sourceTree = "<group>"; };
		C4A889F3AC83CE954F95DA6D /* Pods_whiteboardios.framework */ = {isa = PBXFileReference; explicitFileType = wrapper.framework; includeInIndex = 0; path = Pods_whiteboardios.framework; sourceTree = BUILT_PRODUCTS_DIR; };
		DBC4244FFE6DE5159F9A5B98 /* Pods-whiteboardiosTests.debug.xcconfig */ = {isa = PBXFileReference; includeInIndex = 1; lastKnownFileType = text.xcconfig; name = "Pods-whiteboardiosTests.debug.xcconfig"; path = "Pods/Target Support Files/Pods-whiteboardiosTests/Pods-whiteboardiosTests.debug.xcconfig"; sourceTree = "<group>"; };
/* End PBXFileReference section */

/* Begin PBXFrameworksBuildPhase section */
		AE3A48E91C912BE700B22737 /* Frameworks */ = {
			isa = PBXFrameworksBuildPhase;
			buildActionMask = 2147483647;
			files = (
				CB3402836768B0119965B2C0 /* Pods_whiteboardios.framework in Frameworks */,
			);
			runOnlyForDeploymentPostprocessing = 0;
		};
		AE3A48FD1C912BE700B22737 /* Frameworks */ = {
			isa = PBXFrameworksBuildPhase;
			buildActionMask = 2147483647;
			files = (
				4A164D5BAAFCF4D3398CE516 /* Pods_whiteboardiosTests.framework in Frameworks */,
			);
			runOnlyForDeploymentPostprocessing = 0;
		};
		AE3A49081C912BE700B22737 /* Frameworks */ = {
			isa = PBXFrameworksBuildPhase;
			buildActionMask = 2147483647;
			files = (
				956C73512ECFC7E5A791842F /* Pods_whiteboardiosUITests.framework in Frameworks */,
			);
			runOnlyForDeploymentPostprocessing = 0;
		};
/* End PBXFrameworksBuildPhase section */

/* Begin PBXGroup section */
		A25A03F3624527AD186EEB2F /* Pods */ = {
			isa = PBXGroup;
			children = (
				1BF53C9B0FD03B9D3E59937B /* Pods-whiteboardios.debug.xcconfig */,
				657DD30AA52EBF833BDE01ED /* Pods-whiteboardios.dev.xcconfig */,
				0E3B41F4D7D6C71CC2627906 /* Pods-whiteboardios.release.xcconfig */,
				DBC4244FFE6DE5159F9A5B98 /* Pods-whiteboardiosTests.debug.xcconfig */,
				41B60CE4C65305C392695B41 /* Pods-whiteboardiosTests.dev.xcconfig */,
				4C2C1F3F7B947C66D037557A /* Pods-whiteboardiosTests.release.xcconfig */,
				7825F00FBD503DE169049B72 /* Pods-whiteboardiosUITests.debug.xcconfig */,
				46DFEF04576E90612FF1929B /* Pods-whiteboardiosUITests.dev.xcconfig */,
				B6F3BA56CCD4BEAFFE6AAE28 /* Pods-whiteboardiosUITests.release.xcconfig */,
			);
			name = Pods;
			sourceTree = "<group>";
		};
		AE3A48E31C912BE700B22737 = {
			isa = PBXGroup;
			children = (
				AE3A48EE1C912BE700B22737 /* whiteboardios */,
				AE3A49031C912BE700B22737 /* whiteboardiosTests */,
				AE3A490E1C912BE700B22737 /* whiteboardiosUITests */,
				AE3A48ED1C912BE700B22737 /* Products */,
				B26744D58E5445B85938AF72 /* Frameworks */,
				A25A03F3624527AD186EEB2F /* Pods */,
			);
			sourceTree = "<group>";
		};
		AE3A48ED1C912BE700B22737 /* Products */ = {
			isa = PBXGroup;
			children = (
				AE3A48EC1C912BE700B22737 /* whiteboardios.app */,
				AE3A49001C912BE700B22737 /* whiteboardiosTests.xctest */,
				AE3A490B1C912BE700B22737 /* whiteboardiosUITests.xctest */,
			);
			name = Products;
			sourceTree = "<group>";
		};
		AE3A48EE1C912BE700B22737 /* whiteboardios */ = {
			isa = PBXGroup;
			children = (
				AE3A48EF1C912BE700B22737 /* AppDelegate.swift */,
				AE3A48F61C912BE700B22737 /* Assets.xcassets */,
				AE3A48F81C912BE700B22737 /* LaunchScreen.storyboard */,
				AE3A48FB1C912BE700B22737 /* Info.plist */,
				AE1D97611C923CD500B37B4A /* StandupsViewController.swift */,
				AE1D97651C9243BE00B37B4A /* WhiteboardService.swift */,
				AE8D91FA1C92533600CFAEBB /* StandupTableViewCell.swift */,
				AE8D91FB1C92533600CFAEBB /* StandupTableViewCell.xib */,
			);
			path = whiteboardios;
			sourceTree = "<group>";
		};
		AE3A49031C912BE700B22737 /* whiteboardiosTests */ = {
			isa = PBXGroup;
			children = (
				AE3A49061C912BE700B22737 /* Info.plist */,
				AED9AC0A1C912D66009E1FE0 /* AppDelegateSpec.swift */,
				AE1D975F1C9239F300B37B4A /* StandupsListViewControllerSpec.swift */,
				AE1D97671C9243E900B37B4A /* FakeWhiteboardService.swift */,
				AE1D97691C924E7D00B37B4A /* sample_standups.json */,
			);
			path = whiteboardiosTests;
			sourceTree = "<group>";
		};
		AE3A490E1C912BE700B22737 /* whiteboardiosUITests */ = {
			isa = PBXGroup;
			children = (
				AE3A490F1C912BE700B22737 /* whiteboardiosUITests.swift */,
				AE3A49111C912BE700B22737 /* Info.plist */,
			);
			path = whiteboardiosUITests;
			sourceTree = "<group>";
		};
		B26744D58E5445B85938AF72 /* Frameworks */ = {
			isa = PBXGroup;
			children = (
				276A4BF66EDB751B74996BC2 /* Pods.framework */,
				C4A889F3AC83CE954F95DA6D /* Pods_whiteboardios.framework */,
				28867CE0ACEAEB510B7E1764 /* Pods_whiteboardiosTests.framework */,
				3242CC86432A966D47416F69 /* Pods_whiteboardiosUITests.framework */,
			);
			name = Frameworks;
			sourceTree = "<group>";
		};
/* End PBXGroup section */

/* Begin PBXNativeTarget section */
		AE3A48EB1C912BE700B22737 /* whiteboardios */ = {
			isa = PBXNativeTarget;
			buildConfigurationList = AE3A49141C912BE700B22737 /* Build configuration list for PBXNativeTarget "whiteboardios" */;
			buildPhases = (
				992B08E0A60813717C9FC149 /* 📦 Check Pods Manifest.lock */,
				AE3A48E81C912BE700B22737 /* Sources */,
				AE3A48E91C912BE700B22737 /* Frameworks */,
				AE3A48EA1C912BE700B22737 /* Resources */,
				ADF75B8805C9BA8319ED306B /* 📦 Embed Pods Frameworks */,
				95143F0D8DD64CF820B53C81 /* 📦 Copy Pods Resources */,
			);
			buildRules = (
			);
			dependencies = (
			);
			name = whiteboardios;
			productName = whiteboardios;
			productReference = AE3A48EC1C912BE700B22737 /* whiteboardios.app */;
			productType = "com.apple.product-type.application";
		};
		AE3A48FF1C912BE700B22737 /* whiteboardiosTests */ = {
			isa = PBXNativeTarget;
			buildConfigurationList = AE3A49171C912BE700B22737 /* Build configuration list for PBXNativeTarget "whiteboardiosTests" */;
			buildPhases = (
				DD010DCA6E8C64EAB4594BAB /* 📦 Check Pods Manifest.lock */,
				AE3A48FC1C912BE700B22737 /* Sources */,
				AE3A48FD1C912BE700B22737 /* Frameworks */,
				AE3A48FE1C912BE700B22737 /* Resources */,
				2F720D1E2048587BF3EAD2FD /* 📦 Embed Pods Frameworks */,
				0A77F9510087C747845A059F /* 📦 Copy Pods Resources */,
			);
			buildRules = (
			);
			dependencies = (
				AE3A49021C912BE700B22737 /* PBXTargetDependency */,
			);
			name = whiteboardiosTests;
			productName = whiteboardiosTests;
			productReference = AE3A49001C912BE700B22737 /* whiteboardiosTests.xctest */;
			productType = "com.apple.product-type.bundle.unit-test";
		};
		AE3A490A1C912BE700B22737 /* whiteboardiosUITests */ = {
			isa = PBXNativeTarget;
			buildConfigurationList = AE3A491A1C912BE700B22737 /* Build configuration list for PBXNativeTarget "whiteboardiosUITests" */;
			buildPhases = (
				767D2842D5E1B4AC56B28E57 /* 📦 Check Pods Manifest.lock */,
				AE3A49071C912BE700B22737 /* Sources */,
				AE3A49081C912BE700B22737 /* Frameworks */,
				AE3A49091C912BE700B22737 /* Resources */,
				E3EF3F5F2527F7598345C0BE /* 📦 Copy Pods Resources */,
			);
			buildRules = (
			);
			dependencies = (
				AE3A490D1C912BE700B22737 /* PBXTargetDependency */,
			);
			name = whiteboardiosUITests;
			productName = whiteboardiosUITests;
			productReference = AE3A490B1C912BE700B22737 /* whiteboardiosUITests.xctest */;
			productType = "com.apple.product-type.bundle.ui-testing";
		};
/* End PBXNativeTarget section */

/* Begin PBXProject section */
		AE3A48E41C912BE700B22737 /* Project object */ = {
			isa = PBXProject;
			attributes = {
				LastSwiftUpdateCheck = 0720;
				LastUpgradeCheck = 0720;
				ORGANIZATIONNAME = pivotal;
				TargetAttributes = {
					AE3A48EB1C912BE700B22737 = {
						CreatedOnToolsVersion = 7.2;
					};
					AE3A48FF1C912BE700B22737 = {
						CreatedOnToolsVersion = 7.2;
						TestTargetID = AE3A48EB1C912BE700B22737;
					};
					AE3A490A1C912BE700B22737 = {
						CreatedOnToolsVersion = 7.2;
						TestTargetID = AE3A48EB1C912BE700B22737;
					};
				};
			};
			buildConfigurationList = AE3A48E71C912BE700B22737 /* Build configuration list for PBXProject "whiteboardios" */;
			compatibilityVersion = "Xcode 3.2";
			developmentRegion = English;
			hasScannedForEncodings = 0;
			knownRegions = (
				en,
				Base,
			);
			mainGroup = AE3A48E31C912BE700B22737;
			productRefGroup = AE3A48ED1C912BE700B22737 /* Products */;
			projectDirPath = "";
			projectRoot = "";
			targets = (
				AE3A48EB1C912BE700B22737 /* whiteboardios */,
				AE3A48FF1C912BE700B22737 /* whiteboardiosTests */,
				AE3A490A1C912BE700B22737 /* whiteboardiosUITests */,
			);
		};
/* End PBXProject section */

/* Begin PBXResourcesBuildPhase section */
		AE3A48EA1C912BE700B22737 /* Resources */ = {
			isa = PBXResourcesBuildPhase;
			buildActionMask = 2147483647;
			files = (
				AE3A48FA1C912BE700B22737 /* LaunchScreen.storyboard in Resources */,
				AE3A48F71C912BE700B22737 /* Assets.xcassets in Resources */,
				AE8D91FD1C92533600CFAEBB /* StandupTableViewCell.xib in Resources */,
			);
			runOnlyForDeploymentPostprocessing = 0;
		};
		AE3A48FE1C912BE700B22737 /* Resources */ = {
			isa = PBXResourcesBuildPhase;
			buildActionMask = 2147483647;
			files = (
				AE1D976A1C924E7D00B37B4A /* sample_standups.json in Resources */,
			);
			runOnlyForDeploymentPostprocessing = 0;
		};
		AE3A49091C912BE700B22737 /* Resources */ = {
			isa = PBXResourcesBuildPhase;
			buildActionMask = 2147483647;
			files = (
			);
			runOnlyForDeploymentPostprocessing = 0;
		};
/* End PBXResourcesBuildPhase section */

/* Begin PBXShellScriptBuildPhase section */
		0A77F9510087C747845A059F /* 📦 Copy Pods Resources */ = {
			isa = PBXShellScriptBuildPhase;
			buildActionMask = 2147483647;
			files = (
			);
			inputPaths = (
			);
			name = "📦 Copy Pods Resources";
			outputPaths = (
			);
			runOnlyForDeploymentPostprocessing = 0;
			shellPath = /bin/sh;
			shellScript = "\"${SRCROOT}/Pods/Target Support Files/Pods-whiteboardiosTests/Pods-whiteboardiosTests-resources.sh\"\n";
			showEnvVarsInLog = 0;
		};
		2F720D1E2048587BF3EAD2FD /* 📦 Embed Pods Frameworks */ = {
			isa = PBXShellScriptBuildPhase;
			buildActionMask = 2147483647;
			files = (
			);
			inputPaths = (
			);
			name = "📦 Embed Pods Frameworks";
			outputPaths = (
			);
			runOnlyForDeploymentPostprocessing = 0;
			shellPath = /bin/sh;
			shellScript = "\"${SRCROOT}/Pods/Target Support Files/Pods-whiteboardiosTests/Pods-whiteboardiosTests-frameworks.sh\"\n";
			showEnvVarsInLog = 0;
		};
		767D2842D5E1B4AC56B28E57 /* 📦 Check Pods Manifest.lock */ = {
			isa = PBXShellScriptBuildPhase;
			buildActionMask = 2147483647;
			files = (
			);
			inputPaths = (
			);
			name = "📦 Check Pods Manifest.lock";
			outputPaths = (
			);
			runOnlyForDeploymentPostprocessing = 0;
			shellPath = /bin/sh;
			shellScript = "diff \"${PODS_ROOT}/../Podfile.lock\" \"${PODS_ROOT}/Manifest.lock\" > /dev/null\nif [[ $? != 0 ]] ; then\n    cat << EOM\nerror: The sandbox is not in sync with the Podfile.lock. Run 'pod install' or update your CocoaPods installation.\nEOM\n    exit 1\nfi\n";
			showEnvVarsInLog = 0;
		};
		95143F0D8DD64CF820B53C81 /* 📦 Copy Pods Resources */ = {
			isa = PBXShellScriptBuildPhase;
			buildActionMask = 2147483647;
			files = (
			);
			inputPaths = (
			);
			name = "📦 Copy Pods Resources";
			outputPaths = (
			);
			runOnlyForDeploymentPostprocessing = 0;
			shellPath = /bin/sh;
			shellScript = "\"${SRCROOT}/Pods/Target Support Files/Pods-whiteboardios/Pods-whiteboardios-resources.sh\"\n";
			showEnvVarsInLog = 0;
		};
		992B08E0A60813717C9FC149 /* 📦 Check Pods Manifest.lock */ = {
			isa = PBXShellScriptBuildPhase;
			buildActionMask = 2147483647;
			files = (
			);
			inputPaths = (
			);
			name = "📦 Check Pods Manifest.lock";
			outputPaths = (
			);
			runOnlyForDeploymentPostprocessing = 0;
			shellPath = /bin/sh;
			shellScript = "diff \"${PODS_ROOT}/../Podfile.lock\" \"${PODS_ROOT}/Manifest.lock\" > /dev/null\nif [[ $? != 0 ]] ; then\n    cat << EOM\nerror: The sandbox is not in sync with the Podfile.lock. Run 'pod install' or update your CocoaPods installation.\nEOM\n    exit 1\nfi\n";
			showEnvVarsInLog = 0;
		};
		ADF75B8805C9BA8319ED306B /* 📦 Embed Pods Frameworks */ = {
			isa = PBXShellScriptBuildPhase;
			buildActionMask = 2147483647;
			files = (
			);
			inputPaths = (
			);
			name = "📦 Embed Pods Frameworks";
			outputPaths = (
			);
			runOnlyForDeploymentPostprocessing = 0;
			shellPath = /bin/sh;
			shellScript = "\"${SRCROOT}/Pods/Target Support Files/Pods-whiteboardios/Pods-whiteboardios-frameworks.sh\"\n";
			showEnvVarsInLog = 0;
		};
		DD010DCA6E8C64EAB4594BAB /* 📦 Check Pods Manifest.lock */ = {
			isa = PBXShellScriptBuildPhase;
			buildActionMask = 2147483647;
			files = (
			);
			inputPaths = (
			);
			name = "📦 Check Pods Manifest.lock";
			outputPaths = (
			);
			runOnlyForDeploymentPostprocessing = 0;
			shellPath = /bin/sh;
			shellScript = "diff \"${PODS_ROOT}/../Podfile.lock\" \"${PODS_ROOT}/Manifest.lock\" > /dev/null\nif [[ $? != 0 ]] ; then\n    cat << EOM\nerror: The sandbox is not in sync with the Podfile.lock. Run 'pod install' or update your CocoaPods installation.\nEOM\n    exit 1\nfi\n";
			showEnvVarsInLog = 0;
		};
		E3EF3F5F2527F7598345C0BE /* 📦 Copy Pods Resources */ = {
			isa = PBXShellScriptBuildPhase;
			buildActionMask = 2147483647;
			files = (
			);
			inputPaths = (
			);
			name = "📦 Copy Pods Resources";
			outputPaths = (
			);
			runOnlyForDeploymentPostprocessing = 0;
			shellPath = /bin/sh;
			shellScript = "\"${SRCROOT}/Pods/Target Support Files/Pods-whiteboardiosUITests/Pods-whiteboardiosUITests-resources.sh\"\n";
			showEnvVarsInLog = 0;
		};
/* End PBXShellScriptBuildPhase section */

/* Begin PBXSourcesBuildPhase section */
		AE3A48E81C912BE700B22737 /* Sources */ = {
			isa = PBXSourcesBuildPhase;
			buildActionMask = 2147483647;
			files = (
				AE1D97621C923CD500B37B4A /* StandupsViewController.swift in Sources */,
				AE8D91FC1C92533600CFAEBB /* StandupTableViewCell.swift in Sources */,
				AE3A48F01C912BE700B22737 /* AppDelegate.swift in Sources */,
				AE1D97661C9243BE00B37B4A /* WhiteboardService.swift in Sources */,
			);
			runOnlyForDeploymentPostprocessing = 0;
		};
		AE3A48FC1C912BE700B22737 /* Sources */ = {
			isa = PBXSourcesBuildPhase;
			buildActionMask = 2147483647;
			files = (
				AED9AC0B1C912D66009E1FE0 /* AppDelegateSpec.swift in Sources */,
				AE1D97681C9243E900B37B4A /* FakeWhiteboardService.swift in Sources */,
				AE1D97601C9239F300B37B4A /* StandupsListViewControllerSpec.swift in Sources */,
			);
			runOnlyForDeploymentPostprocessing = 0;
		};
		AE3A49071C912BE700B22737 /* Sources */ = {
			isa = PBXSourcesBuildPhase;
			buildActionMask = 2147483647;
			files = (
				AE3A49101C912BE700B22737 /* whiteboardiosUITests.swift in Sources */,
			);
			runOnlyForDeploymentPostprocessing = 0;
		};
/* End PBXSourcesBuildPhase section */

/* Begin PBXTargetDependency section */
		AE3A49021C912BE700B22737 /* PBXTargetDependency */ = {
			isa = PBXTargetDependency;
			target = AE3A48EB1C912BE700B22737 /* whiteboardios */;
			targetProxy = AE3A49011C912BE700B22737 /* PBXContainerItemProxy */;
		};
		AE3A490D1C912BE700B22737 /* PBXTargetDependency */ = {
			isa = PBXTargetDependency;
			target = AE3A48EB1C912BE700B22737 /* whiteboardios */;
			targetProxy = AE3A490C1C912BE700B22737 /* PBXContainerItemProxy */;
		};
/* End PBXTargetDependency section */

/* Begin PBXVariantGroup section */
		AE3A48F81C912BE700B22737 /* LaunchScreen.storyboard */ = {
			isa = PBXVariantGroup;
			children = (
				AE3A48F91C912BE700B22737 /* Base */,
			);
			name = LaunchScreen.storyboard;
			sourceTree = "<group>";
		};
/* End PBXVariantGroup section */

/* Begin XCBuildConfiguration section */
		AE3A49121C912BE700B22737 /* Debug */ = {
			isa = XCBuildConfiguration;
			buildSettings = {
				ALWAYS_SEARCH_USER_PATHS = NO;
				CLANG_CXX_LANGUAGE_STANDARD = "gnu++0x";
				CLANG_CXX_LIBRARY = "libc++";
				CLANG_ENABLE_MODULES = YES;
				CLANG_ENABLE_OBJC_ARC = YES;
				CLANG_WARN_BOOL_CONVERSION = YES;
				CLANG_WARN_CONSTANT_CONVERSION = YES;
				CLANG_WARN_DIRECT_OBJC_ISA_USAGE = YES_ERROR;
				CLANG_WARN_EMPTY_BODY = YES;
				CLANG_WARN_ENUM_CONVERSION = YES;
				CLANG_WARN_INT_CONVERSION = YES;
				CLANG_WARN_OBJC_ROOT_CLASS = YES_ERROR;
				CLANG_WARN_UNREACHABLE_CODE = YES;
				CLANG_WARN__DUPLICATE_METHOD_MATCH = YES;
				"CODE_SIGN_IDENTITY[sdk=iphoneos*]" = "iPhone Developer";
				COPY_PHASE_STRIP = NO;
				DEBUG_INFORMATION_FORMAT = dwarf;
				ENABLE_STRICT_OBJC_MSGSEND = YES;
				ENABLE_TESTABILITY = YES;
				GCC_C_LANGUAGE_STANDARD = gnu99;
				GCC_DYNAMIC_NO_PIC = NO;
				GCC_NO_COMMON_BLOCKS = YES;
				GCC_OPTIMIZATION_LEVEL = 0;
				GCC_PREPROCESSOR_DEFINITIONS = (
					"DEBUG=1",
					"$(inherited)",
				);
				GCC_WARN_64_TO_32_BIT_CONVERSION = YES;
				GCC_WARN_ABOUT_RETURN_TYPE = YES_ERROR;
				GCC_WARN_UNDECLARED_SELECTOR = YES;
				GCC_WARN_UNINITIALIZED_AUTOS = YES_AGGRESSIVE;
				GCC_WARN_UNUSED_FUNCTION = YES;
				GCC_WARN_UNUSED_VARIABLE = YES;
				IPHONEOS_DEPLOYMENT_TARGET = 9.2;
				MTL_ENABLE_DEBUG_INFO = YES;
				ONLY_ACTIVE_ARCH = YES;
				SDKROOT = iphoneos;
				SWIFT_OPTIMIZATION_LEVEL = "-Onone";
				TARGETED_DEVICE_FAMILY = "1,2";
				WHITEBOARD_BASE_URL = "https://whiteboard.pivotallabs.com";
			};
			name = Debug;
		};
		AE3A49131C912BE700B22737 /* Release */ = {
			isa = XCBuildConfiguration;
			buildSettings = {
				ALWAYS_SEARCH_USER_PATHS = NO;
				CLANG_CXX_LANGUAGE_STANDARD = "gnu++0x";
				CLANG_CXX_LIBRARY = "libc++";
				CLANG_ENABLE_MODULES = YES;
				CLANG_ENABLE_OBJC_ARC = YES;
				CLANG_WARN_BOOL_CONVERSION = YES;
				CLANG_WARN_CONSTANT_CONVERSION = YES;
				CLANG_WARN_DIRECT_OBJC_ISA_USAGE = YES_ERROR;
				CLANG_WARN_EMPTY_BODY = YES;
				CLANG_WARN_ENUM_CONVERSION = YES;
				CLANG_WARN_INT_CONVERSION = YES;
				CLANG_WARN_OBJC_ROOT_CLASS = YES_ERROR;
				CLANG_WARN_UNREACHABLE_CODE = YES;
				CLANG_WARN__DUPLICATE_METHOD_MATCH = YES;
				"CODE_SIGN_IDENTITY[sdk=iphoneos*]" = "iPhone Developer";
				COPY_PHASE_STRIP = NO;
				DEBUG_INFORMATION_FORMAT = "dwarf-with-dsym";
				ENABLE_NS_ASSERTIONS = NO;
				ENABLE_STRICT_OBJC_MSGSEND = YES;
				GCC_C_LANGUAGE_STANDARD = gnu99;
				GCC_NO_COMMON_BLOCKS = YES;
				GCC_WARN_64_TO_32_BIT_CONVERSION = YES;
				GCC_WARN_ABOUT_RETURN_TYPE = YES_ERROR;
				GCC_WARN_UNDECLARED_SELECTOR = YES;
				GCC_WARN_UNINITIALIZED_AUTOS = YES_AGGRESSIVE;
				GCC_WARN_UNUSED_FUNCTION = YES;
				GCC_WARN_UNUSED_VARIABLE = YES;
				IPHONEOS_DEPLOYMENT_TARGET = 9.2;
				MTL_ENABLE_DEBUG_INFO = NO;
				SDKROOT = iphoneos;
				TARGETED_DEVICE_FAMILY = "1,2";
				VALIDATE_PRODUCT = YES;
				WHITEBOARD_BASE_URL = "https://whiteboard.pivotallabs.com";
			};
			name = Release;
		};
		AE3A49151C912BE700B22737 /* Debug */ = {
			isa = XCBuildConfiguration;
			baseConfigurationReference = 1BF53C9B0FD03B9D3E59937B /* Pods-whiteboardios.debug.xcconfig */;
			buildSettings = {
				ASSETCATALOG_COMPILER_APPICON_NAME = AppIcon;
				INFOPLIST_FILE = whiteboardios/Info.plist;
				LD_RUNPATH_SEARCH_PATHS = "$(inherited) @executable_path/Frameworks";
				PRODUCT_BUNDLE_IDENTIFIER = io.pivotal.whiteboardios;
				PRODUCT_NAME = "$(TARGET_NAME)";
			};
			name = Debug;
		};
		AE3A49161C912BE700B22737 /* Release */ = {
			isa = XCBuildConfiguration;
			baseConfigurationReference = 0E3B41F4D7D6C71CC2627906 /* Pods-whiteboardios.release.xcconfig */;
			buildSettings = {
				ASSETCATALOG_COMPILER_APPICON_NAME = AppIcon;
				INFOPLIST_FILE = whiteboardios/Info.plist;
				LD_RUNPATH_SEARCH_PATHS = "$(inherited) @executable_path/Frameworks";
				PRODUCT_BUNDLE_IDENTIFIER = io.pivotal.whiteboardios;
				PRODUCT_NAME = "$(TARGET_NAME)";
			};
			name = Release;
		};
		AE3A49181C912BE700B22737 /* Debug */ = {
			isa = XCBuildConfiguration;
			baseConfigurationReference = DBC4244FFE6DE5159F9A5B98 /* Pods-whiteboardiosTests.debug.xcconfig */;
			buildSettings = {
				BUNDLE_LOADER = "$(TEST_HOST)";
				INFOPLIST_FILE = whiteboardiosTests/Info.plist;
				LD_RUNPATH_SEARCH_PATHS = "$(inherited) @executable_path/Frameworks @loader_path/Frameworks";
				PRODUCT_BUNDLE_IDENTIFIER = io.pivotal.whiteboardiosTests;
				PRODUCT_NAME = "$(TARGET_NAME)";
				TEST_HOST = "$(BUILT_PRODUCTS_DIR)/whiteboardios.app/whiteboardios";
			};
			name = Debug;
		};
		AE3A49191C912BE700B22737 /* Release */ = {
			isa = XCBuildConfiguration;
			baseConfigurationReference = 4C2C1F3F7B947C66D037557A /* Pods-whiteboardiosTests.release.xcconfig */;
			buildSettings = {
				BUNDLE_LOADER = "$(TEST_HOST)";
				INFOPLIST_FILE = whiteboardiosTests/Info.plist;
				LD_RUNPATH_SEARCH_PATHS = "$(inherited) @executable_path/Frameworks @loader_path/Frameworks";
				PRODUCT_BUNDLE_IDENTIFIER = io.pivotal.whiteboardiosTests;
				PRODUCT_NAME = "$(TARGET_NAME)";
				TEST_HOST = "$(BUILT_PRODUCTS_DIR)/whiteboardios.app/whiteboardios";
			};
			name = Release;
		};
		AE3A491B1C912BE700B22737 /* Debug */ = {
			isa = XCBuildConfiguration;
			baseConfigurationReference = 7825F00FBD503DE169049B72 /* Pods-whiteboardiosUITests.debug.xcconfig */;
			buildSettings = {
				INFOPLIST_FILE = whiteboardiosUITests/Info.plist;
				LD_RUNPATH_SEARCH_PATHS = "$(inherited) @executable_path/Frameworks @loader_path/Frameworks";
				PRODUCT_BUNDLE_IDENTIFIER = io.pivotal.whiteboardiosUITests;
				PRODUCT_NAME = "$(TARGET_NAME)";
				PROVISIONING_PROFILE = "";
				TEST_TARGET_NAME = whiteboardios;
				USES_XCTRUNNER = YES;
			};
			name = Debug;
		};
		AE3A491C1C912BE700B22737 /* Release */ = {
			isa = XCBuildConfiguration;
			baseConfigurationReference = B6F3BA56CCD4BEAFFE6AAE28 /* Pods-whiteboardiosUITests.release.xcconfig */;
			buildSettings = {
				INFOPLIST_FILE = whiteboardiosUITests/Info.plist;
				LD_RUNPATH_SEARCH_PATHS = "$(inherited) @executable_path/Frameworks @loader_path/Frameworks";
				PRODUCT_BUNDLE_IDENTIFIER = io.pivotal.whiteboardiosUITests;
				PRODUCT_NAME = "$(TARGET_NAME)";
				PROVISIONING_PROFILE = "";
				TEST_TARGET_NAME = whiteboardios;
				USES_XCTRUNNER = YES;
			};
			name = Release;
		};
		AE8D92011C9276DE00CFAEBB /* Dev */ = {
			isa = XCBuildConfiguration;
			buildSettings = {
				ALWAYS_SEARCH_USER_PATHS = NO;
				CLANG_CXX_LANGUAGE_STANDARD = "gnu++0x";
				CLANG_CXX_LIBRARY = "libc++";
				CLANG_ENABLE_MODULES = YES;
				CLANG_ENABLE_OBJC_ARC = YES;
				CLANG_WARN_BOOL_CONVERSION = YES;
				CLANG_WARN_CONSTANT_CONVERSION = YES;
				CLANG_WARN_DIRECT_OBJC_ISA_USAGE = YES_ERROR;
				CLANG_WARN_EMPTY_BODY = YES;
				CLANG_WARN_ENUM_CONVERSION = YES;
				CLANG_WARN_INT_CONVERSION = YES;
				CLANG_WARN_OBJC_ROOT_CLASS = YES_ERROR;
				CLANG_WARN_UNREACHABLE_CODE = YES;
				CLANG_WARN__DUPLICATE_METHOD_MATCH = YES;
				"CODE_SIGN_IDENTITY[sdk=iphoneos*]" = "iPhone Developer";
				COPY_PHASE_STRIP = NO;
				DEBUG_INFORMATION_FORMAT = dwarf;
				ENABLE_STRICT_OBJC_MSGSEND = YES;
				ENABLE_TESTABILITY = YES;
				GCC_C_LANGUAGE_STANDARD = gnu99;
				GCC_DYNAMIC_NO_PIC = NO;
				GCC_NO_COMMON_BLOCKS = YES;
				GCC_OPTIMIZATION_LEVEL = 0;
				GCC_PREPROCESSOR_DEFINITIONS = (
					"DEBUG=1",
					"$(inherited)",
				);
				GCC_WARN_64_TO_32_BIT_CONVERSION = YES;
				GCC_WARN_ABOUT_RETURN_TYPE = YES_ERROR;
				GCC_WARN_UNDECLARED_SELECTOR = YES;
				GCC_WARN_UNINITIALIZED_AUTOS = YES_AGGRESSIVE;
				GCC_WARN_UNUSED_FUNCTION = YES;
				GCC_WARN_UNUSED_VARIABLE = YES;
				IPHONEOS_DEPLOYMENT_TARGET = 9.2;
				MTL_ENABLE_DEBUG_INFO = YES;
				ONLY_ACTIVE_ARCH = YES;
				SDKROOT = iphoneos;
				SWIFT_OPTIMIZATION_LEVEL = "-Onone";
				TARGETED_DEVICE_FAMILY = "1,2";
				WHITEBOARD_BASE_URL = "https://localhost:3000";
			};
			name = Dev;
		};
		AE8D92021C9276DE00CFAEBB /* Dev */ = {
			isa = XCBuildConfiguration;
			baseConfigurationReference = 657DD30AA52EBF833BDE01ED /* Pods-whiteboardios.dev.xcconfig */;
			buildSettings = {
				ASSETCATALOG_COMPILER_APPICON_NAME = AppIcon;
				INFOPLIST_FILE = whiteboardios/Info.plist;
				LD_RUNPATH_SEARCH_PATHS = "$(inherited) @executable_path/Frameworks";
				PRODUCT_BUNDLE_IDENTIFIER = io.pivotal.whiteboardios;
				PRODUCT_NAME = "$(TARGET_NAME)";
				WHITEBOARD_BASE_URL = "http://localhost:3000";
			};
			name = Dev;
		};
		AE8D92031C9276DE00CFAEBB /* Dev */ = {
			isa = XCBuildConfiguration;
			baseConfigurationReference = 41B60CE4C65305C392695B41 /* Pods-whiteboardiosTests.dev.xcconfig */;
			buildSettings = {
				BUNDLE_LOADER = "$(TEST_HOST)";
				INFOPLIST_FILE = whiteboardiosTests/Info.plist;
				LD_RUNPATH_SEARCH_PATHS = "$(inherited) @executable_path/Frameworks @loader_path/Frameworks";
				PRODUCT_BUNDLE_IDENTIFIER = io.pivotal.whiteboardiosTests;
				PRODUCT_NAME = "$(TARGET_NAME)";
				TEST_HOST = "$(BUILT_PRODUCTS_DIR)/whiteboardios.app/whiteboardios";
			};
			name = Dev;
		};
		AE8D92041C9276DE00CFAEBB /* Dev */ = {
			isa = XCBuildConfiguration;
			baseConfigurationReference = 46DFEF04576E90612FF1929B /* Pods-whiteboardiosUITests.dev.xcconfig */;
			buildSettings = {
				INFOPLIST_FILE = whiteboardiosUITests/Info.plist;
				LD_RUNPATH_SEARCH_PATHS = "$(inherited) @executable_path/Frameworks @loader_path/Frameworks";
				PRODUCT_BUNDLE_IDENTIFIER = io.pivotal.whiteboardiosUITests;
				PRODUCT_NAME = "$(TARGET_NAME)";
				PROVISIONING_PROFILE = "";
				TEST_TARGET_NAME = whiteboardios;
				USES_XCTRUNNER = YES;
			};
			name = Dev;
		};
/* End XCBuildConfiguration section */

/* Begin XCConfigurationList section */
		AE3A48E71C912BE700B22737 /* Build configuration list for PBXProject "whiteboardios" */ = {
			isa = XCConfigurationList;
			buildConfigurations = (
				AE3A49121C912BE700B22737 /* Debug */,
				AE8D92011C9276DE00CFAEBB /* Dev */,
				AE3A49131C912BE700B22737 /* Release */,
			);
			defaultConfigurationIsVisible = 0;
			defaultConfigurationName = Release;
		};
		AE3A49141C912BE700B22737 /* Build configuration list for PBXNativeTarget "whiteboardios" */ = {
			isa = XCConfigurationList;
			buildConfigurations = (
				AE3A49151C912BE700B22737 /* Debug */,
				AE8D92021C9276DE00CFAEBB /* Dev */,
				AE3A49161C912BE700B22737 /* Release */,
			);
			defaultConfigurationIsVisible = 0;
			defaultConfigurationName = Release;
		};
		AE3A49171C912BE700B22737 /* Build configuration list for PBXNativeTarget "whiteboardiosTests" */ = {
			isa = XCConfigurationList;
			buildConfigurations = (
				AE3A49181C912BE700B22737 /* Debug */,
				AE8D92031C9276DE00CFAEBB /* Dev */,
				AE3A49191C912BE700B22737 /* Release */,
			);
			defaultConfigurationIsVisible = 0;
			defaultConfigurationName = Release;
		};
		AE3A491A1C912BE700B22737 /* Build configuration list for PBXNativeTarget "whiteboardiosUITests" */ = {
			isa = XCConfigurationList;
			buildConfigurations = (
				AE3A491B1C912BE700B22737 /* Debug */,
				AE8D92041C9276DE00CFAEBB /* Dev */,
				AE3A491C1C912BE700B22737 /* Release */,
			);
			defaultConfigurationIsVisible = 0;
			defaultConfigurationName = Release;
		};
/* End XCConfigurationList section */
	};
	rootObject = AE3A48E41C912BE700B22737 /* Project object */;
}
